PODS:
  - Cache (6.0.0)
  - dartnative_ios (1.0.0):
    - FlexLayout (= 2.0.10)
  - dartnative_skia (1.0.0)
  - dartnative_video_player (1.0.0):
    - Cache (~> 6.0)
    - GCDWebServer
    - PINCache
  - DartNativeCore (1.0.0)
  - FlexLayout (2.0.10)
  - GCDWebServer (3.5.4):
    - GCDWebServer/Core (= 3.5.4)
  - GCDWebServer/Core (3.5.4)
  - PINCache (3.0.4):
    - PINCache/Arc-exception-safe (= 3.0.4)
    - PINCache/Core (= 3.0.4)
  - PINCache/Arc-exception-safe (3.0.4):
    - PINCache/Core
  - PINCache/Core (3.0.4):
    - PINOperation (~> 1.2.3)
  - PINOperation (1.2.3)

DEPENDENCIES:
  - dartnative_ios (from `.symlinks/plugins/dartnative_ios/ios`)
  - dartnative_skia (from `.symlinks/plugins/dartnative_skia/ios`)
  - dartnative_video_player (from `.symlinks/plugins/dartnative_video_player/ios`)
  - DartNativeCore (from `DartNative`)

SPEC REPOS:
  trunk:
    - Cache
    - FlexLayout
    - GCDWebServer
    - PINCache
    - PINOperation

EXTERNAL SOURCES:
  dartnative_ios:
    :path: ".symlinks/plugins/dartnative_ios/ios"
  dartnative_skia:
    :path: ".symlinks/plugins/dartnative_skia/ios"
  dartnative_video_player:
    :path: ".symlinks/plugins/dartnative_video_player/ios"
  DartNativeCore:
    :path: DartNative

SPEC CHECKSUMS:
  Cache: 4ca7e00363fca5455f26534e5607634c820ffc2d
  dartnative_ios: 88d434758a21de28291d1ca70f9a144bd28548c7
  dartnative_skia: 67197a2566188d03e2a1f11f27d9d61494aa27c4
  dartnative_video_player: 7ed9323d0069988f48926c30715003ceeb09e691
  DartNativeCore: 225e49d9e35e234bcadc6b81586fc4275a1006ee
  FlexLayout: ea94491c923485f7f28891cb5b10245d22df380b
  GCDWebServer: 2c156a56c8226e2d5c0c3f208a3621ccffbe3ce4
  PINCache: d9a87a0ff397acffe9e2f0db972ac14680441158
  PINOperation: fb563bcc9c32c26d6c78aaff967d405aa2ee74a7

PODFILE CHECKSUM: 7ebfe451e66b5eadb0cc21fd30abfd19d621dd60

COCOAPODS: 1.17.0
